
Microsoft Visual Studio Solution File, Format Version 12.00
# Visual Studio Version 17
VisualStudioVersion = 17.5.33424.131
MinimumVisualStudioVersion = 10.0.40219.1
Project("{8BC9CEB8-8B4A-11D0-8D11-00A0C91BC942}") = "Insertionsort", "Insertionsort\Insertionsort.vcxproj", "{8093E091-8248-4500-A895-0381FB5AE0A5}"
EndProject
Global
	GlobalSection(SolutionConfigurationPlatforms) = preSolution
		Debug|x64 = Debug|x64
		Debug|x86 = Debug|x86
		Release|x64 = Release|x64
		Release|x86 = Release|x86
	EndGlobalSection
	GlobalSection(ProjectConfigurationPlatforms) = postSolution
		{8093E091-8248-4500-A895-0381FB5AE0A5}.Debug|x64.ActiveCfg = Debug|x64
		{8093E091-8248-4500-A895-0381FB5AE0A5}.Debug|x64.Build.0 = Debug|x64
		{8093E091-8248-4500-A895-0381FB5AE0A5}.Debug|x86.ActiveCfg = Debug|Win32
		{8093E091-8248-4500-A895-0381FB5AE0A5}.Debug|x86.Build.0 = Debug|Win32
		{8093E091-8248-4500-A895-0381FB5AE0A5}.Release|x64.ActiveCfg = Release|x64
		{8093E091-8248-4500-A895-0381FB5AE0A5}.Release|x64.Build.0 = Release|x64
		{8093E091-8248-4500-A895-0381FB5AE0A5}.Release|x86.ActiveCfg = Release|Win32
		{8093E091-8248-4500-A895-0381FB5AE0A5}.Release|x86.Build.0 = Release|Win32
	EndGlobalSection
	GlobalSection(SolutionProperties) = preSolution
		HideSolutionNode = FALSE
	EndGlobalSection
	GlobalSection(ExtensibilityGlobals) = postSolution
		SolutionGuid = {27876E90-C59E-4BB1-A0E9-772F9743389B}
	EndGlobalSection
EndGlobal
